// !$*UTF8*$!
{
	archiveVersion = 1;
	classes = {
	};
	objectVersion = 56;
	objects = {

/* Begin PBXBuildFile section */
		188CEAAA2A9EFE3600CAAC9E /* AppDelegate.swift in Sources */ = {isa = PBXBuildFile; fileRef = 188CEAA92A9EFE3600CAAC9E /* AppDelegate.swift */; };
		188CEAAC2A9EFE3600CAAC9E /* SceneDelegate.swift in Sources */ = {isa = PBXBuildFile; fileRef = 188CEAAB2A9EFE3600CAAC9E /* SceneDelegate.swift */; };
		188CEAAE2A9EFE3600CAAC9E /* ViewController.swift in Sources */ = {isa = PBXBuildFile; fileRef = 188CEAAD2A9EFE3600CAAC9E /* ViewController.swift */; };
		188CEAB12A9EFE3600CAAC9E /* Main.storyboard in Resources */ = {isa = PBXBuildFile; fileRef = 188CEAAF2A9EFE3600CAAC9E /* Main.storyboard */; };
		188CEAB32A9EFE3900CAAC9E /* Assets.xcassets in Resources */ = {isa = PBXBuildFile; fileRef = 188CEAB22A9EFE3900CAAC9E /* Assets.xcassets */; };
		188CEAB62A9EFE3900CAAC9E /* LaunchScreen.storyboard in Resources */ = {isa = PBXBuildFile; fileRef = 188CEAB42A9EFE3900CAAC9E /* LaunchScreen.storyboard */; };
/* End PBXBuildFile section */

/* Begin PBXFileReference section */
		188CEAA62A9EFE3600CAAC9E /* TableViewApp-Sayuri Y.app */ = {isa = PBXFileReference; explicitFileType = wrapper.application; includeInIndex = 0; path = "TableViewApp-Sayuri Y.app"; sourceTree = BUILT_PRODUCTS_DIR; };
		188CEAA92A9EFE3600CAAC9E /* AppDelegate.swift */ = {isa = PBXFileReference; lastKnownFileType = sourcecode.swift; path = AppDelegate.swift; sourceTree = "<group>"; };
		188CEAAB2A9EFE3600CAAC9E /* SceneDelegate.swift */ = {isa = PBXFileReference; lastKnownFileType = sourcecode.swift; path = SceneDelegate.swift; sourceTree = "<group>"; };
		188CEAAD2A9EFE3600CAAC9E /* ViewController.swift */ = {isa = PBXFileReference; lastKnownFileType = sourcecode.swift; path = ViewController.swift; sourceTree = "<group>"; };
		188CEAB02A9EFE3600CAAC9E /* Base */ = {isa = PBXFileReference; lastKnownFileType = file.storyboard; name = Base; path = Base.lproj/Main.storyboard; sourceTree = "<group>"; };
		188CEAB22A9EFE3900CAAC9E /* Assets.xcassets */ = {isa = PBXFileReference; lastKnownFileType = folder.assetcatalog; path = Assets.xcassets; sourceTree = "<group>"; };
		188CEAB52A9EFE3900CAAC9E /* Base */ = {isa = PBXFileReference; lastKnownFileType = file.storyboard; name = Base; path = Base.lproj/LaunchScreen.storyboard; sourceTree = "<group>"; };
		188CEAB72A9EFE3900CAAC9E /* Info.plist */ = {isa = PBXFileReference; lastKnownFileType = text.plist.xml; path = Info.plist; sourceTree = "<group>"; };
/* End PBXFileReference section */

/* Begin PBXFrameworksBuildPhase section */
		188CEAA32A9EFE3600CAAC9E /* Frameworks */ = {
			isa = PBXFrameworksBuildPhase;
			buildActionMask = 2147483647;
			files = (
			);
			runOnlyForDeploymentPostprocessing = 0;
		};
/* End PBXFrameworksBuildPhase section */

/* Begin PBXGroup section */
		188CEA9D2A9EFE3600CAAC9E = {
			isa = PBXGroup;
			children = (
				188CEAA82A9EFE3600CAAC9E /* TableViewApp-Sayuri Y */,
				188CEAA72A9EFE3600CAAC9E /* Products */,
			);
			sourceTree = "<group>";
		};
		188CEAA72A9EFE3600CAAC9E /* Products */ = {
			isa = PBXGroup;
			children = (
				188CEAA62A9EFE3600CAAC9E /* TableViewApp-Sayuri Y.app */,
			);
			name = Products;
			sourceTree = "<group>";
		};
		188CEAA82A9EFE3600CAAC9E /* TableViewApp-Sayuri Y */ = {
			isa = PBXGroup;
			children = (
				188CEAA92A9EFE3600CAAC9E /* AppDelegate.swift */,
				188CEAAB2A9EFE3600CAAC9E /* SceneDelegate.swift */,
				188CEAAD2A9EFE3600CAAC9E /* ViewController.swift */,
				188CEAAF2A9EFE3600CAAC9E /* Main.storyboard */,
				188CEAB22A9EFE3900CAAC9E /* Assets.xcassets */,
				188CEAB42A9EFE3900CAAC9E /* LaunchScreen.storyboard */,
				188CEAB72A9EFE3900CAAC9E /* Info.plist */,
			);
			path = "TableViewApp-Sayuri Y";
			sourceTree = "<group>";
		};
/* End PBXGroup section */

/* Begin PBXNativeTarget section */
		188CEAA52A9EFE3600CAAC9E /* TableViewApp-Sayuri Y */ = {
			isa = PBXNativeTarget;
			buildConfigurationList = 188CEABA2A9EFE3900CAAC9E /* Build configuration list for PBXNativeTarget "TableViewApp-Sayuri Y" */;
			buildPhases = (
				188CEAA22A9EFE3600CAAC9E /* Sources */,
				188CEAA32A9EFE3600CAAC9E /* Frameworks */,
				188CEAA42A9EFE3600CAAC9E /* Resources */,
			);
			buildRules = (
			);
			dependencies = (
			);
			name = "TableViewApp-Sayuri Y";
			productName = "TableViewApp-Sayuri Y";
			productReference = 188CEAA62A9EFE3600CAAC9E /* TableViewApp-Sayuri Y.app */;
			productType = "com.apple.product-type.application";
		};
/* End PBXNativeTarget section */

/* Begin PBXProject section */
		188CEA9E2A9EFE3600CAAC9E /* Project object */ = {
			isa = PBXProject;
			attributes = {
				BuildIndependentTargetsInParallel = 1;
				LastSwiftUpdateCheck = 1430;
				LastUpgradeCheck = 1430;
				TargetAttributes = {
					188CEAA52A9EFE3600CAAC9E = {
						CreatedOnToolsVersion = 14.3.1;
					};
				};
			};
			buildConfigurationList = 188CEAA12A9EFE3600CAAC9E /* Build configuration list for PBXProject "TableViewApp-Sayuri Y" */;
			compatibilityVersion = "Xcode 14.0";
			developmentRegion = en;
			hasScannedForEncodings = 0;
			knownRegions = (
				en,
				Base,
			);
			mainGroup = 188CEA9D2A9EFE3600CAAC9E;
			productRefGroup = 188CEAA72A9EFE3600CAAC9E /* Products */;
			projectDirPath = "";
			projectRoot = "";
			targets = (
				188CEAA52A9EFE3600CAAC9E /* TableViewApp-Sayuri Y */,
			);
		};
/* End PBXProject section */

/* Begin PBXResourcesBuildPhase section */
		188CEAA42A9EFE3600CAAC9E /* Resources */ = {
			isa = PBXResourcesBuildPhase;
			buildActionMask = 2147483647;
			files = (
				188CEAB62A9EFE3900CAAC9E /* LaunchScreen.storyboard in Resources */,
				188CEAB32A9EFE3900CAAC9E /* Assets.xcassets in Resources */,
				188CEAB12A9EFE3600CAAC9E /* Main.storyboard in Resources */,
			);
			runOnlyForDeploymentPostprocessing = 0;
		};
/* End PBXResourcesBuildPhase section */

/* Begin PBXSourcesBuildPhase section */
		188CEAA22A9EFE3600CAAC9E /* Sources */ = {
			isa = PBXSourcesBuildPhase;
			buildActionMask = 2147483647;
			files = (
				188CEAAE2A9EFE3600CAAC9E /* ViewController.swift in Sources */,
				188CEAAA2A9EFE3600CAAC9E /* AppDelegate.swift in Sources */,
				188CEAAC2A9EFE3600CAAC9E /* SceneDelegate.swift in Sources */,
			);
			runOnlyForDeploymentPostprocessing = 0;
		};
/* End PBXSourcesBuildPhase section */

/* Begin PBXVariantGroup section */
		188CEAAF2A9EFE3600CAAC9E /* Main.storyboard */ = {
			isa = PBXVariantGroup;
			children = (
				188CEAB02A9EFE3600CAAC9E /* Base */,
			);
			name = Main.storyboard;
			sourceTree = "<group>";
		};
		188CEAB42A9EFE3900CAAC9E /* LaunchScreen.storyboard */ = {
			isa = PBXVariantGroup;
			children = (
				188CEAB52A9EFE3900CAAC9E /* Base */,
			);
			name = LaunchScreen.storyboard;
			sourceTree = "<group>";
		};
/* End PBXVariantGroup section */

/* Begin XCBuildConfiguration section */
		188CEAB82A9EFE3900CAAC9E /* Debug */ = {
			isa = XCBuildConfiguration;
			buildSettings = {
				ALWAYS_SEARCH_USER_PATHS = NO;
				CLANG_ANALYZER_NONNULL = YES;
				CLANG_ANALYZER_NUMBER_OBJECT_CONVERSION = YES_AGGRESSIVE;
				CLANG_CXX_LANGUAGE_STANDARD = "gnu++20";
				CLANG_ENABLE_MODULES = YES;
				CLANG_ENABLE_OBJC_ARC = YES;
				CLANG_ENABLE_OBJC_WEAK = YES;
				CLANG_WARN_BLOCK_CAPTURE_AUTORELEASING = YES;
				CLANG_WARN_BOOL_CONVERSION = YES;
				CLANG_WARN_COMMA = YES;
				CLANG_WARN_CONSTANT_CONVERSION = YES;
				CLANG_WARN_DEPRECATED_OBJC_IMPLEMENTATIONS = YES;
				CLANG_WARN_DIRECT_OBJC_ISA_USAGE = YES_ERROR;
				CLANG_WARN_DOCUMENTATION_COMMENTS = YES;
				CLANG_WARN_EMPTY_BODY = YES;
				CLANG_WARN_ENUM_CONVERSION = YES;
				CLANG_WARN_INFINITE_RECURSION = YES;
				CLANG_WARN_INT_CONVERSION = YES;
				CLANG_WARN_NON_LITERAL_NULL_CONVERSION = YES;
				CLANG_WARN_OBJC_IMPLICIT_RETAIN_SELF = YES;
				CLANG_WARN_OBJC_LITERAL_CONVERSION = YES;
				CLANG_WARN_OBJC_ROOT_CLASS = YES_ERROR;
				CLANG_WARN_QUOTED_INCLUDE_IN_FRAMEWORK_HEADER = YES;
				CLANG_WARN_RANGE_LOOP_ANALYSIS = YES;
				CLANG_WARN_STRICT_PROTOTYPES = YES;
				CLANG_WARN_SUSPICIOUS_MOVE = YES;
				CLANG_WARN_UNGUARDED_AVAILABILITY = YES_AGGRESSIVE;
				CLANG_WARN_UNREACHABLE_CODE = YES;
				CLANG_WARN__DUPLICATE_METHOD_MATCH = YES;
				COPY_PHASE_STRIP = NO;
				DEBUG_INFORMATION_FORMAT = dwarf;
				ENABLE_STRICT_OBJC_MSGSEND = YES;
				ENABLE_TESTABILITY = YES;
				GCC_C_LANGUAGE_STANDARD = gnu11;
				GCC_DYNAMIC_NO_PIC = NO;
				GCC_NO_COMMON_BLOCKS = YES;
				GCC_OPTIMIZATION_LEVEL = 0;
				GCC_PREPROCESSOR_DEFINITIONS = (
					"DEBUG=1",
					"$(inherited)",
				);
				GCC_WARN_64_TO_32_BIT_CONVERSION = YES;
				GCC_WARN_ABOUT_RETURN_TYPE = YES_ERROR;
				GCC_WARN_UNDECLARED_SELECTOR = YES;
				GCC_WARN_UNINITIALIZED_AUTOS = YES_AGGRESSIVE;
				GCC_WARN_UNUSED_FUNCTION = YES;
				GCC_WARN_UNUSED_VARIABLE = YES;
				IPHONEOS_DEPLOYMENT_TARGET = 16.4;
				MTL_ENABLE_DEBUG_INFO = INCLUDE_SOURCE;
				MTL_FAST_MATH = YES;
				ONLY_ACTIVE_ARCH = YES;
				SDKROOT = iphoneos;
				SWIFT_ACTIVE_COMPILATION_CONDITIONS = DEBUG;
				SWIFT_OPTIMIZATION_LEVEL = "-Onone";
			};
			name = Debug;
		};
		188CEAB92A9EFE3900CAAC9E /* Release */ = {
			isa = XCBuildConfiguration;
			buildSettings = {
				ALWAYS_SEARCH_USER_PATHS = NO;
				CLANG_ANALYZER_NONNULL = YES;
				CLANG_ANALYZER_NUMBER_OBJECT_CONVERSION = YES_AGGRESSIVE;
				CLANG_CXX_LANGUAGE_STANDARD = "gnu++20";
				CLANG_ENABLE_MODULES = YES;
				CLANG_ENABLE_OBJC_ARC = YES;
				CLANG_ENABLE_OBJC_WEAK = YES;
				CLANG_WARN_BLOCK_CAPTURE_AUTORELEASING = YES;
				CLANG_WARN_BOOL_CONVERSION = YES;
				CLANG_WARN_COMMA = YES;
				CLANG_WARN_CONSTANT_CONVERSION = YES;
				CLANG_WARN_DEPRECATED_OBJC_IMPLEMENTATIONS = YES;
				CLANG_WARN_DIRECT_OBJC_ISA_USAGE = YES_ERROR;
				CLANG_WARN_DOCUMENTATION_COMMENTS = YES;
				CLANG_WARN_EMPTY_BODY = YES;
				CLANG_WARN_ENUM_CONVERSION = YES;
				CLANG_WARN_INFINITE_RECURSION = YES;
				CLANG_WARN_INT_CONVERSION = YES;
				CLANG_WARN_NON_LITERAL_NULL_CONVERSION = YES;
				CLANG_WARN_OBJC_IMPLICIT_RETAIN_SELF = YES;
				CLANG_WARN_OBJC_LITERAL_CONVERSION = YES;
				CLANG_WARN_OBJC_ROOT_CLASS = YES_ERROR;
				CLANG_WARN_QUOTED_INCLUDE_IN_FRAMEWORK_HEADER = YES;
				CLANG_WARN_RANGE_LOOP_ANALYSIS = YES;
				CLANG_WARN_STRICT_PROTOTYPES = YES;
				CLANG_WARN_SUSPICIOUS_MOVE = YES;
				CLANG_WARN_UNGUARDED_AVAILABILITY = YES_AGGRESSIVE;
				CLANG_WARN_UNREACHABLE_CODE = YES;
				CLANG_WARN__DUPLICATE_METHOD_MATCH = YES;
				COPY_PHASE_STRIP = NO;
				DEBUG_INFORMATION_FORMAT = "dwarf-with-dsym";
				ENABLE_NS_ASSERTIONS = NO;
				ENABLE_STRICT_OBJC_MSGSEND = YES;
				GCC_C_LANGUAGE_STANDARD = gnu11;
				GCC_NO_COMMON_BLOCKS = YES;
				GCC_WARN_64_TO_32_BIT_CONVERSION = YES;
				GCC_WARN_ABOUT_RETURN_TYPE = YES_ERROR;
				GCC_WARN_UNDECLARED_SELECTOR = YES;
				GCC_WARN_UNINITIALIZED_AUTOS = YES_AGGRESSIVE;
				GCC_WARN_UNUSED_FUNCTION = YES;
				GCC_WARN_UNUSED_VARIABLE = YES;
				IPHONEOS_DEPLOYMENT_TARGET = 16.4;
				MTL_ENABLE_DEBUG_INFO = NO;
				MTL_FAST_MATH = YES;
				SDKROOT = iphoneos;
				SWIFT_COMPILATION_MODE = wholemodule;
				SWIFT_OPTIMIZATION_LEVEL = "-O";
				VALIDATE_PRODUCT = YES;
			};
			name = Release;
		};
		188CEABB2A9EFE3900CAAC9E /* Debug */ = {
			isa = XCBuildConfiguration;
			buildSettings = {
				ASSETCATALOG_COMPILER_APPICON_NAME = AppIcon;
				ASSETCATALOG_COMPILER_GLOBAL_ACCENT_COLOR_NAME = AccentColor;
				CODE_SIGN_STYLE = Automatic;
				CURRENT_PROJECT_VERSION = 1;
				DEVELOPMENT_TEAM = CQ2K423KXJ;
				GENERATE_INFOPLIST_FILE = YES;
				INFOPLIST_FILE = "TableViewApp-Sayuri Y/Info.plist";
				INFOPLIST_KEY_UIApplicationSupportsIndirectInputEvents = YES;
				INFOPLIST_KEY_UILaunchStoryboardName = LaunchScreen;
				INFOPLIST_KEY_UIMainStoryboardFile = Main;
				INFOPLIST_KEY_UISupportedInterfaceOrientations_iPad = "UIInterfaceOrientationPortrait UIInterfaceOrientationPortraitUpsideDown UIInterfaceOrientationLandscapeLeft UIInterfaceOrientationLandscapeRight";
				INFOPLIST_KEY_UISupportedInterfaceOrientations_iPhone = "UIInterfaceOrientationPortrait UIInterfaceOrientationLandscapeLeft UIInterfaceOrientationLandscapeRight";
				LD_RUNPATH_SEARCH_PATHS = (
					"$(inherited)",
					"@executable_path/Frameworks",
				);
				MARKETING_VERSION = 1.0;
				PRODUCT_BUNDLE_IDENTIFIER = "com.atelierdelys.TableViewApp-Sayuri-Y";
				PRODUCT_NAME = "$(TARGET_NAME)";
				SWIFT_EMIT_LOC_STRINGS = YES;
				SWIFT_VERSION = 5.0;
				TARGETED_DEVICE_FAMILY = "1,2";
			};
			name = Debug;
		};
		188CEABC2A9EFE3900CAAC9E /* Release */ = {
			isa = XCBuildConfiguration;
			buildSettings = {
				ASSETCATALOG_COMPILER_APPICON_NAME = AppIcon;
				ASSETCATALOG_COMPILER_GLOBAL_ACCENT_COLOR_NAME = AccentColor;
				CODE_SIGN_STYLE = Automatic;
				CURRENT_PROJECT_VERSION = 1;
				DEVELOPMENT_TEAM = CQ2K423KXJ;
				GENERATE_INFOPLIST_FILE = YES;
				INFOPLIST_FILE = "TableViewApp-Sayuri Y/Info.plist";
				INFOPLIST_KEY_UIApplicationSupportsIndirectInputEvents = YES;
				INFOPLIST_KEY_UILaunchStoryboardName = LaunchScreen;
				INFOPLIST_KEY_UIMainStoryboardFile = Main;
				INFOPLIST_KEY_UISupportedInterfaceOrientations_iPad = "UIInterfaceOrientationPortrait UIInterfaceOrientationPortraitUpsideDown UIInterfaceOrientationLandscapeLeft UIInterfaceOrientationLandscapeRight";
				INFOPLIST_KEY_UISupportedInterfaceOrientations_iPhone = "UIInterfaceOrientationPortrait UIInterfaceOrientationLandscapeLeft UIInterfaceOrientationLandscapeRight";
				LD_RUNPATH_SEARCH_PATHS = (
					"$(inherited)",
					"@executable_path/Frameworks",
				);
				MARKETING_VERSION = 1.0;
				PRODUCT_BUNDLE_IDENTIFIER = "com.atelierdelys.TableViewApp-Sayuri-Y";
				PRODUCT_NAME = "$(TARGET_NAME)";
				SWIFT_EMIT_LOC_STRINGS = YES;
				SWIFT_VERSION = 5.0;
				TARGETED_DEVICE_FAMILY = "1,2";
			};
			name = Release;
		};
/* End XCBuildConfiguration section */

/* Begin XCConfigurationList section */
		188CEAA12A9EFE3600CAAC9E /* Build configuration list for PBXProject "TableViewApp-Sayuri Y" */ = {
			isa = XCConfigurationList;
			buildConfigurations = (
				188CEAB82A9EFE3900CAAC9E /* Debug */,
				188CEAB92A9EFE3900CAAC9E /* Release */,
			);
			defaultConfigurationIsVisible = 0;
			defaultConfigurationName = Release;
		};
		188CEABA2A9EFE3900CAAC9E /* Build configuration list for PBXNativeTarget "TableViewApp-Sayuri Y" */ = {
			isa = XCConfigurationList;
			buildConfigurations = (
				188CEABB2A9EFE3900CAAC9E /* Debug */,
				188CEABC2A9EFE3900CAAC9E /* Release */,
			);
			defaultConfigurationIsVisible = 0;
			defaultConfigurationName = Release;
		};
/* End XCConfigurationList section */
	};
	rootObject = 188CEA9E2A9EFE3600CAAC9E /* Project object */;
}
